
Microsoft Visual Studio Solution File, Format Version 12.00
# Visual Studio Version 16
VisualStudioVersion = 16.0.30907.101
MinimumVisualStudioVersion = 10.0.40219.1
Project("{888888A0-9F3D-457C-B088-3A5042F75D52}") = "PythonApp", "PythonApp\PythonApp.pyproj", "{388CA2BB-BA8F-48BD-9E5A-72CD86AC108D}"
EndProject
Global
	GlobalSection(SolutionConfigurationPlatforms) = preSolution
		Debug|Any CPU = Debug|Any CPU
		Release|Any CPU = Release|Any CPU
	EndGlobalSection
	GlobalSection(ProjectConfigurationPlatforms) = postSolution
		{388CA2BB-BA8F-48BD-9E5A-72CD86AC108D}.Debug|Any CPU.ActiveCfg = Debug|Any CPU
		{388CA2BB-BA8F-48BD-9E5A-72CD86AC108D}.Release|Any CPU.ActiveCfg = Release|Any CPU
	EndGlobalSection
	GlobalSection(SolutionProperties) = preSolution
		HideSolutionNode = FALSE
	EndGlobalSection
	GlobalSection(ExtensibilityGlobals) = postSolution
		SolutionGuid = {625E49F6-5F36-4230-BD8C-6051D4154C93}
	EndGlobalSection
EndGlobal
